PODS:
  - boost-for-react-native (1.63.0)
  - BVLinearGradient (2.5.6):
    - React
  - Crashlytics (3.14.0):
    - Fabric (~> 1.10.2)
  - DoubleConversion (1.1.6)
  - Fabric (1.10.2)
  - Firebase/Core (6.2.0):
    - Firebase/CoreOnly
    - FirebaseAnalytics (= 6.0.1)
  - Firebase/CoreOnly (6.2.0):
    - FirebaseCore (= 6.0.2)
  - Firebase/Messaging (6.2.0):
    - Firebase/CoreOnly
    - FirebaseMessaging (~> 4.0.2)
  - FirebaseAnalytics (6.0.1):
    - FirebaseCore (~> 6.0)
    - FirebaseInstanceID (~> 4.1)
    - GoogleAppMeasurement (= 6.0.1)
    - GoogleUtilities/AppDelegateSwizzler (~> 6.0)
    - GoogleUtilities/MethodSwizzler (~> 6.0)
    - GoogleUtilities/Network (~> 6.0)
    - "GoogleUtilities/NSData+zlib (~> 6.0)"
    - nanopb (~> 0.3)
  - FirebaseAnalyticsInterop (1.5.0)
  - FirebaseCore (6.0.2):
    - GoogleUtilities/Environment (~> 6.0)
    - GoogleUtilities/Logger (~> 6.0)
  - FirebaseInstanceID (4.2.7):
    - FirebaseCore (~> 6.0)
    - GoogleUtilities/Environment (~> 6.0)
    - GoogleUtilities/UserDefaults (~> 6.0)
  - FirebaseMessaging (4.0.2):
    - FirebaseAnalyticsInterop (~> 1.1)
    - FirebaseCore (~> 6.0)
    - FirebaseInstanceID (~> 4.1)
    - GoogleUtilities/AppDelegateSwizzler (~> 6.2)
    - GoogleUtilities/Environment (~> 6.2)
    - GoogleUtilities/Reachability (~> 6.2)
    - GoogleUtilities/UserDefaults (~> 6.2)
    - Protobuf (~> 3.1)
  - Folly (2018.10.22.00):
    - boost-for-react-native
    - DoubleConversion
    - Folly/Default (= 2018.10.22.00)
    - glog
  - Folly/Default (2018.10.22.00):
    - boost-for-react-native
    - DoubleConversion
    - glog
  - glog (0.3.5)
  - GoogleAppMeasurement (6.0.1):
    - GoogleUtilities/AppDelegateSwizzler (~> 6.0)
    - GoogleUtilities/MethodSwizzler (~> 6.0)
    - GoogleUtilities/Network (~> 6.0)
    - "GoogleUtilities/NSData+zlib (~> 6.0)"
    - nanopb (~> 0.3)
  - GoogleUtilities/AppDelegateSwizzler (6.5.1):
    - GoogleUtilities/Environment
    - GoogleUtilities/Logger
    - GoogleUtilities/Network
  - GoogleUtilities/Environment (6.5.1)
  - GoogleUtilities/Logger (6.5.1):
    - GoogleUtilities/Environment
  - GoogleUtilities/MethodSwizzler (6.5.1):
    - GoogleUtilities/Logger
  - GoogleUtilities/Network (6.5.1):
    - GoogleUtilities/Logger
    - "GoogleUtilities/NSData+zlib"
    - GoogleUtilities/Reachability
  - "GoogleUtilities/NSData+zlib (6.5.1)"
  - GoogleUtilities/Reachability (6.5.1):
    - GoogleUtilities/Logger
  - GoogleUtilities/UserDefaults (6.5.1):
    - GoogleUtilities/Logger
  - jail-monkey (2.3.2):
    - React
  - JKBigInteger2 (0.0.5)
  - nanopb (0.3.9011):
    - nanopb/decode (= 0.3.9011)
    - nanopb/encode (= 0.3.9011)
  - nanopb/decode (0.3.9011)
  - nanopb/encode (0.3.9011)
  - Protobuf (3.11.4)
  - React (0.60.5):
    - React-Core (= 0.60.5)
    - React-DevSupport (= 0.60.5)
    - React-RCTActionSheet (= 0.60.5)
    - React-RCTAnimation (= 0.60.5)
    - React-RCTBlob (= 0.60.5)
    - React-RCTImage (= 0.60.5)
    - React-RCTLinking (= 0.60.5)
    - React-RCTNetwork (= 0.60.5)
    - React-RCTSettings (= 0.60.5)
    - React-RCTText (= 0.60.5)
    - React-RCTVibration (= 0.60.5)
    - React-RCTWebSocket (= 0.60.5)
  - React-Core (0.60.5):
    - Folly (= 2018.10.22.00)
    - React-cxxreact (= 0.60.5)
    - React-jsiexecutor (= 0.60.5)
    - yoga (= 0.60.5.React)
  - React-cxxreact (0.60.5):
    - boost-for-react-native (= 1.63.0)
    - DoubleConversion
    - Folly (= 2018.10.22.00)
    - glog
    - React-jsinspector (= 0.60.5)
  - React-DevSupport (0.60.5):
    - React-Core (= 0.60.5)
    - React-RCTWebSocket (= 0.60.5)
  - React-jsi (0.60.5):
    - boost-for-react-native (= 1.63.0)
    - DoubleConversion
    - Folly (= 2018.10.22.00)
    - glog
    - React-jsi/Default (= 0.60.5)
  - React-jsi/Default (0.60.5):
    - boost-for-react-native (= 1.63.0)
    - DoubleConversion
    - Folly (= 2018.10.22.00)
    - glog
  - React-jsiexecutor (0.60.5):
    - DoubleConversion
    - Folly (= 2018.10.22.00)
    - glog
    - React-cxxreact (= 0.60.5)
    - React-jsi (= 0.60.5)
  - React-jsinspector (0.60.5)
  - react-native-camera (3.19.2):
    - React
    - react-native-camera/RCT (= 3.19.2)
    - react-native-camera/RN (= 3.19.2)
  - react-native-camera/RCT (3.19.2):
    - React
  - react-native-camera/RN (3.19.2):
    - React
  - react-native-fingerprint-scanner (3.0.2):
    - React
  - react-native-image-picker (1.0.1):
    - React
  - react-native-maps (0.26.1):
    - React
  - react-native-orientation-locker (1.1.8):
    - React
  - react-native-splash-screen (3.2.0):
    - React
  - react-native-video (5.0.2):
    - React
    - react-native-video/Video (= 5.0.2)
  - react-native-video/Video (5.0.2):
    - React
  - react-native-viewpager (3.3.0):
    - React
  - React-RCTActionSheet (0.60.5):
    - React-Core (= 0.60.5)
  - React-RCTAnimation (0.60.5):
    - React-Core (= 0.60.5)
  - React-RCTBlob (0.60.5):
    - React-Core (= 0.60.5)
    - React-RCTNetwork (= 0.60.5)
    - React-RCTWebSocket (= 0.60.5)
  - React-RCTImage (0.60.5):
    - React-Core (= 0.60.5)
    - React-RCTNetwork (= 0.60.5)
  - React-RCTLinking (0.60.5):
    - React-Core (= 0.60.5)
  - React-RCTNetwork (0.60.5):
    - React-Core (= 0.60.5)
  - React-RCTSettings (0.60.5):
    - React-Core (= 0.60.5)
  - React-RCTText (0.60.5):
    - React-Core (= 0.60.5)
  - React-RCTVibration (0.60.5):
    - React-Core (= 0.60.5)
  - React-RCTWebSocket (0.60.5):
    - React-Core (= 0.60.5)
  - RNAWSCognito (3.2.5):
    - JKBigInteger2 (= 0.0.5)
    - React
  - RNCAsyncStorage (1.8.1):
    - React
  - RNCPushNotificationIOS (1.0.7):
    - React
  - RNDeviceInfo (5.5.3):
    - React
  - RNFirebase (5.6.0):
    - Firebase/Core
    - React
    - RNFirebase/Crashlytics (= 5.6.0)
  - RNFirebase/Crashlytics (5.6.0):
    - Crashlytics
    - Fabric
    - Firebase/Core
    - React
  - RNGestureHandler (1.6.0):
    - React
  - RNReanimated (1.7.0):
    - React
  - RNScreens (2.3.0):
    - React
  - RNSVG (9.13.6):
    - React
  - yoga (0.60.5.React)

DEPENDENCIES:
  - BVLinearGradient (from `../node_modules/react-native-linear-gradient`)
  - DoubleConversion (from `../node_modules/react-native/third-party-podspecs/DoubleConversion.podspec`)
  - Firebase/Core (~> 6.2.0)
  - Firebase/Messaging (~> 6.2.0)
  - Folly (from `../node_modules/react-native/third-party-podspecs/Folly.podspec`)
  - glog (from `../node_modules/react-native/third-party-podspecs/glog.podspec`)
  - jail-monkey (from `../node_modules/jail-monkey`)
  - React (from `../node_modules/react-native/`)
  - React-Core (from `../node_modules/react-native/React`)
  - React-cxxreact (from `../node_modules/react-native/ReactCommon/cxxreact`)
  - React-DevSupport (from `../node_modules/react-native/React`)
  - React-jsi (from `../node_modules/react-native/ReactCommon/jsi`)
  - React-jsiexecutor (from `../node_modules/react-native/ReactCommon/jsiexecutor`)
  - React-jsinspector (from `../node_modules/react-native/ReactCommon/jsinspector`)
  - react-native-camera (from `../node_modules/react-native-camera`)
  - react-native-fingerprint-scanner (from `../node_modules/react-native-fingerprint-scanner`)
  - react-native-image-picker (from `../node_modules/react-native-image-picker`)
  - react-native-maps (from `../node_modules/react-native-maps`)
  - react-native-orientation-locker (from `../node_modules/react-native-orientation-locker`)
  - react-native-splash-screen (from `../node_modules/react-native-splash-screen`)
  - react-native-video (from `../node_modules/react-native-video`)
  - "react-native-viewpager (from `../node_modules/@react-native-community/viewpager`)"
  - React-RCTActionSheet (from `../node_modules/react-native/Libraries/ActionSheetIOS`)
  - React-RCTAnimation (from `../node_modules/react-native/Libraries/NativeAnimation`)
  - React-RCTBlob (from `../node_modules/react-native/Libraries/Blob`)
  - React-RCTImage (from `../node_modules/react-native/Libraries/Image`)
  - React-RCTLinking (from `../node_modules/react-native/Libraries/LinkingIOS`)
  - React-RCTNetwork (from `../node_modules/react-native/Libraries/Network`)
  - React-RCTSettings (from `../node_modules/react-native/Libraries/Settings`)
  - React-RCTText (from `../node_modules/react-native/Libraries/Text`)
  - React-RCTVibration (from `../node_modules/react-native/Libraries/Vibration`)
  - React-RCTWebSocket (from `../node_modules/react-native/Libraries/WebSocket`)
  - RNAWSCognito (from `../node_modules/amazon-cognito-identity-js`)
  - "RNCAsyncStorage (from `../node_modules/@react-native-community/async-storage`)"
  - "RNCPushNotificationIOS (from `../node_modules/@react-native-community/push-notification-ios`)"
  - RNDeviceInfo (from `../node_modules/react-native-device-info`)
  - RNFirebase (from `../node_modules/react-native-firebase/ios`)
  - RNGestureHandler (from `../node_modules/react-native-gesture-handler`)
  - RNReanimated (from `../node_modules/react-native-reanimated`)
  - RNScreens (from `../node_modules/react-native-screens`)
  - RNSVG (from `../node_modules/react-native-svg`)
  - yoga (from `../node_modules/react-native/ReactCommon/yoga`)

SPEC REPOS:
  trunk:
    - boost-for-react-native
    - Crashlytics
    - Fabric
    - Firebase
    - FirebaseAnalytics
    - FirebaseAnalyticsInterop
    - FirebaseCore
    - FirebaseInstanceID
    - FirebaseMessaging
    - GoogleAppMeasurement
    - GoogleUtilities
    - JKBigInteger2
    - nanopb
    - Protobuf

EXTERNAL SOURCES:
  BVLinearGradient:
    :path: "../node_modules/react-native-linear-gradient"
  DoubleConversion:
    :podspec: "../node_modules/react-native/third-party-podspecs/DoubleConversion.podspec"
  Folly:
    :podspec: "../node_modules/react-native/third-party-podspecs/Folly.podspec"
  glog:
    :podspec: "../node_modules/react-native/third-party-podspecs/glog.podspec"
  jail-monkey:
    :path: "../node_modules/jail-monkey"
  React:
    :path: "../node_modules/react-native/"
  React-Core:
    :path: "../node_modules/react-native/React"
  React-cxxreact:
    :path: "../node_modules/react-native/ReactCommon/cxxreact"
  React-DevSupport:
    :path: "../node_modules/react-native/React"
  React-jsi:
    :path: "../node_modules/react-native/ReactCommon/jsi"
  React-jsiexecutor:
    :path: "../node_modules/react-native/ReactCommon/jsiexecutor"
  React-jsinspector:
    :path: "../node_modules/react-native/ReactCommon/jsinspector"
  react-native-camera:
    :path: "../node_modules/react-native-camera"
  react-native-fingerprint-scanner:
    :path: "../node_modules/react-native-fingerprint-scanner"
  react-native-image-picker:
    :path: "../node_modules/react-native-image-picker"
  react-native-maps:
    :path: "../node_modules/react-native-maps"
  react-native-orientation-locker:
    :path: "../node_modules/react-native-orientation-locker"
  react-native-splash-screen:
    :path: "../node_modules/react-native-splash-screen"
  react-native-video:
    :path: "../node_modules/react-native-video"
  react-native-viewpager:
    :path: "../node_modules/@react-native-community/viewpager"
  React-RCTActionSheet:
    :path: "../node_modules/react-native/Libraries/ActionSheetIOS"
  React-RCTAnimation:
    :path: "../node_modules/react-native/Libraries/NativeAnimation"
  React-RCTBlob:
    :path: "../node_modules/react-native/Libraries/Blob"
  React-RCTImage:
    :path: "../node_modules/react-native/Libraries/Image"
  React-RCTLinking:
    :path: "../node_modules/react-native/Libraries/LinkingIOS"
  React-RCTNetwork:
    :path: "../node_modules/react-native/Libraries/Network"
  React-RCTSettings:
    :path: "../node_modules/react-native/Libraries/Settings"
  React-RCTText:
    :path: "../node_modules/react-native/Libraries/Text"
  React-RCTVibration:
    :path: "../node_modules/react-native/Libraries/Vibration"
  React-RCTWebSocket:
    :path: "../node_modules/react-native/Libraries/WebSocket"
  RNAWSCognito:
    :path: "../node_modules/amazon-cognito-identity-js"
  RNCAsyncStorage:
    :path: "../node_modules/@react-native-community/async-storage"
  RNCPushNotificationIOS:
    :path: "../node_modules/@react-native-community/push-notification-ios"
  RNDeviceInfo:
    :path: "../node_modules/react-native-device-info"
  RNFirebase:
    :path: "../node_modules/react-native-firebase/ios"
  RNGestureHandler:
    :path: "../node_modules/react-native-gesture-handler"
  RNReanimated:
    :path: "../node_modules/react-native-reanimated"
  RNScreens:
    :path: "../node_modules/react-native-screens"
  RNSVG:
    :path: "../node_modules/react-native-svg"
  yoga:
    :path: "../node_modules/react-native/ReactCommon/yoga"

SPEC CHECKSUMS:
  boost-for-react-native: 39c7adb57c4e60d6c5479dd8623128eb5b3f0f2c
  BVLinearGradient: e3aad03778a456d77928f594a649e96995f1c872
  Crashlytics: 540b7e5f5da5a042647227a5e3ac51d85eed06df
  DoubleConversion: 5805e889d232975c086db112ece9ed034df7a0b2
  Fabric: 706c8b8098fff96c33c0db69cbf81f9c551d0d74
  Firebase: 5965bac23e7fcb5fa6d926ed429c9ecef8a2014e
  FirebaseAnalytics: 629301c2b9925f3537d4093a17a72751ae5b7084
  FirebaseAnalyticsInterop: 3f86269c38ae41f47afeb43ebf32a001f58fcdae
  FirebaseCore: b0f0262acebfa540e5f97b3832dbb13186980822
  FirebaseInstanceID: ebd2ea79ee38db0cb5f5167b17a0d387e1cc7b6e
  FirebaseMessaging: 20b6626c41be7840aed7a3dd9a14003efae3d588
  Folly: 30e7936e1c45c08d884aa59369ed951a8e68cf51
  glog: 1f3da668190260b06b429bb211bfbee5cd790c28
  GoogleAppMeasurement: 51d8d9ea48f0ca44484d29cfbdef976fbd4fc336
  GoogleUtilities: 06eb53bb579efe7099152735900dd04bf09e7275
  jail-monkey: d7c5048b2336f22ee9c9e0efa145f1f917338ea9
  JKBigInteger2: e91672035c42328c48b7dd015b66812ddf40ca9b
  nanopb: 18003b5e52dab79db540fe93fe9579f399bd1ccd
  Protobuf: 176220c526ad8bd09ab1fb40a978eac3fef665f7
  React: 53c53c4d99097af47cf60594b8706b4e3321e722
  React-Core: ba421f6b4f4cbe2fb17c0b6fc675f87622e78a64
  React-cxxreact: 8384287780c4999351ad9b6e7a149d9ed10a2395
  React-DevSupport: 197fb409737cff2c4f9986e77c220d7452cb9f9f
  React-jsi: 4d8c9efb6312a9725b18d6fc818ffc103f60fec2
  React-jsiexecutor: 90ad2f9db09513fc763bc757fdc3c4ff8bde2a30
  React-jsinspector: e08662d1bf5b129a3d556eb9ea343a3f40353ae4
  react-native-camera: 2b575b086c06caf89fd3d119d06bd977a9942103
  react-native-fingerprint-scanner: 3e5e508bde8edd284a3f1b47b77a4355a5aa1493
  react-native-image-picker: 4ffb12aa6e9a09ac5ada77a8deaf3a3f6495aa34
  react-native-maps: 6e499eee4eabf422ba8b6f94e993cc768bf35153
  react-native-orientation-locker: f0ca1a8e5031dab6b74bfb4ab33a17ed2c2fcb0d
  react-native-splash-screen: 200d11d188e2e78cea3ad319964f6142b6384865
  react-native-video: 961749da457e73bf0b5565edfbaffc25abfb8974
  react-native-viewpager: 118e65d8c65c56fe48d12a35cdcf1fe7e027a366
  React-RCTActionSheet: b0f1ea83f4bf75fb966eae9bfc47b78c8d3efd90
  React-RCTAnimation: 359ba1b5690b1e87cc173558a78e82d35919333e
  React-RCTBlob: 5e2b55f76e9a1c7ae52b826923502ddc3238df24
  React-RCTImage: f5f1c50922164e89bdda67bcd0153952a5cfe719
  React-RCTLinking: d0ecbd791e9ddddc41fa1f66b0255de90e8ee1e9
  React-RCTNetwork: e26946300b0ab7bb6c4a6348090e93fa21f33a9d
  React-RCTSettings: d0d37cb521b7470c998595a44f05847777cc3f42
  React-RCTText: b074d89033583d4f2eb5faf7ea2db3a13c7553a2
  React-RCTVibration: 2105b2e0e2b66a6408fc69a46c8a7fb5b2fdade0
  React-RCTWebSocket: cd932a16b7214898b6b7f788c8bddb3637246ac4
  RNAWSCognito: 75383d7eb6089e63662fcbbffd219d52cc5b47aa
  RNCAsyncStorage: 00bdf63f7f1e0f11d3323533dba4f222e58bf092
  RNCPushNotificationIOS: 107404643700c0a0db042fa6058e5e2a4c16bc6e
  RNDeviceInfo: 67607dfe9cfbed105838144c40187a8392aa404d
  RNFirebase: 37daa9a346d070f9f6ee1f3b4aaf4c8e3b1d5d1c
  RNGestureHandler: dde546180bf24af0b5f737c8ad04b6f3fa51609a
  RNReanimated: 031fe8d9ea93c2bd689a40f05320ef9d96f74d7f
  RNScreens: 03bf608b92ac0acf323f47d8f5b63a8f829340c8
  RNSVG: 8ba35cbeb385a52fd960fd28db9d7d18b4c2974f
  yoga: 312528f5bbbba37b4dcea5ef00e8b4033fdd9411

PODFILE CHECKSUM: 7aa8f62649bea5743b980a8931d0f1d98ce62f10

COCOAPODS: 1.8.4
